
Microsoft Visual Studio Solution File, Format Version 12.00
# Visual Studio 15
VisualStudioVersion = 15.0.28010.2036
MinimumVisualStudioVersion = 10.0.40219.1
Project("{9A19103F-16F7-4668-BE54-9A1E7A4F7556}") = "OpenWorld", "OpenWorld\OpenWorld.csproj", "{6CA914F7-C2EE-4124-BFD5-9067550CF4C6}"
EndProject
Project("{9A19103F-16F7-4668-BE54-9A1E7A4F7556}") = "OpenWorld.Services", "OpenWorld.Services\OpenWorld.Services.csproj", "{C7A2818E-713D-4A07-8CF5-3FF9264EF613}"
EndProject
Project("{9A19103F-16F7-4668-BE54-9A1E7A4F7556}") = "OpenWorld.Data", "OpenWorld.Data\OpenWorld.Data.csproj", "{2FFBAB5B-22FD-48D0-B94D-6ECC2A41808B}"
EndProject
Global
	GlobalSection(SolutionConfigurationPlatforms) = preSolution
		Debug|Any CPU = Debug|Any CPU
		Release|Any CPU = Release|Any CPU
	EndGlobalSection
	GlobalSection(ProjectConfigurationPlatforms) = postSolution
		{6CA914F7-C2EE-4124-BFD5-9067550CF4C6}.Debug|Any CPU.ActiveCfg = Debug|Any CPU
		{6CA914F7-C2EE-4124-BFD5-9067550CF4C6}.Debug|Any CPU.Build.0 = Debug|Any CPU
		{6CA914F7-C2EE-4124-BFD5-9067550CF4C6}.Release|Any CPU.ActiveCfg = Release|Any CPU
		{6CA914F7-C2EE-4124-BFD5-9067550CF4C6}.Release|Any CPU.Build.0 = Release|Any CPU
		{C7A2818E-713D-4A07-8CF5-3FF9264EF613}.Debug|Any CPU.ActiveCfg = Debug|Any CPU
		{C7A2818E-713D-4A07-8CF5-3FF9264EF613}.Debug|Any CPU.Build.0 = Debug|Any CPU
		{C7A2818E-713D-4A07-8CF5-3FF9264EF613}.Release|Any CPU.ActiveCfg = Release|Any CPU
		{C7A2818E-713D-4A07-8CF5-3FF9264EF613}.Release|Any CPU.Build.0 = Release|Any CPU
		{2FFBAB5B-22FD-48D0-B94D-6ECC2A41808B}.Debug|Any CPU.ActiveCfg = Debug|Any CPU
		{2FFBAB5B-22FD-48D0-B94D-6ECC2A41808B}.Debug|Any CPU.Build.0 = Debug|Any CPU
		{2FFBAB5B-22FD-48D0-B94D-6ECC2A41808B}.Release|Any CPU.ActiveCfg = Release|Any CPU
		{2FFBAB5B-22FD-48D0-B94D-6ECC2A41808B}.Release|Any CPU.Build.0 = Release|Any CPU
	EndGlobalSection
	GlobalSection(SolutionProperties) = preSolution
		HideSolutionNode = FALSE
	EndGlobalSection
	GlobalSection(ExtensibilityGlobals) = postSolution
		SolutionGuid = {ECFEC4EC-0B6B-40C1-84C5-14F5A97E717B}
	EndGlobalSection
EndGlobal
